
Microsoft Visual Studio Solution File, Format Version 12.00
# Visual Studio 15
Project("{FAE04EC0-301F-11D3-BF4B-00C04F79EFBC}") = "VuforiaScripts", "VuforiaScripts.csproj", "{A441611D-246C-5B0A-5086-2F45CF076891}"
EndProject
Project("{FAE04EC0-301F-11D3-BF4B-00C04F79EFBC}") = "Assembly-CSharp", "Assembly-CSharp.csproj", "{044250D1-C16A-6940-FBCE-6827C5D598E4}"
EndProject
Project("{FAE04EC0-301F-11D3-BF4B-00C04F79EFBC}") = "VuforiaEditorScripts", "VuforiaEditorScripts.csproj", "{7C667B5D-9E42-7633-BFED-0188DDB59FC7}"
EndProject
Global
	GlobalSection(SolutionConfigurationPlatforms) = preSolution
		Debug|Any CPU = Debug|Any CPU
		Release|Any CPU = Release|Any CPU
	EndGlobalSection
	GlobalSection(ProjectConfigurationPlatforms) = postSolution
		{A441611D-246C-5B0A-5086-2F45CF076891}.Debug|Any CPU.ActiveCfg = Debug|Any CPU
		{A441611D-246C-5B0A-5086-2F45CF076891}.Debug|Any CPU.Build.0 = Debug|Any CPU
		{A441611D-246C-5B0A-5086-2F45CF076891}.Release|Any CPU.ActiveCfg = Release|Any CPU
		{A441611D-246C-5B0A-5086-2F45CF076891}.Release|Any CPU.Build.0 = Release|Any CPU
		{044250D1-C16A-6940-FBCE-6827C5D598E4}.Debug|Any CPU.ActiveCfg = Debug|Any CPU
		{044250D1-C16A-6940-FBCE-6827C5D598E4}.Debug|Any CPU.Build.0 = Debug|Any CPU
		{044250D1-C16A-6940-FBCE-6827C5D598E4}.Release|Any CPU.ActiveCfg = Release|Any CPU
		{044250D1-C16A-6940-FBCE-6827C5D598E4}.Release|Any CPU.Build.0 = Release|Any CPU
		{7C667B5D-9E42-7633-BFED-0188DDB59FC7}.Debug|Any CPU.ActiveCfg = Debug|Any CPU
		{7C667B5D-9E42-7633-BFED-0188DDB59FC7}.Debug|Any CPU.Build.0 = Debug|Any CPU
		{7C667B5D-9E42-7633-BFED-0188DDB59FC7}.Release|Any CPU.ActiveCfg = Release|Any CPU
		{7C667B5D-9E42-7633-BFED-0188DDB59FC7}.Release|Any CPU.Build.0 = Release|Any CPU
	EndGlobalSection
	GlobalSection(SolutionProperties) = preSolution
		HideSolutionNode = FALSE
	EndGlobalSection
	GlobalSection(MonoDevelopProperties) = preSolution
		StartupItem = Assembly-CSharp.csproj
	EndGlobalSection
EndGlobal
